# Generated for CI verification; update with quest-maker-lock-verify tooling.
# Each entry is fully pinned and hash constrained.
altgraph==0.17.5 --hash=sha256:f3a22400bce1b0c701683820ac4f3b159cd301acab067c51c653e06961600597
black==25.1.0 --hash=sha256:030b9759066a4ee5e5aca28c3c77f9c64789cdd4de8ac1df642c40b708be6171
click==8.4.2 --hash=sha256:e6f9f66136c816745b9d65817da91d61d957fb16e02e4dcd0552553c5a197b76
iniconfig==2.3.0 --hash=sha256:f631c04d2c48c52b84d0d0549c99ff3859c98df65b3101406327ecc7d53fbf12
mypy-extensions==1.1.0 --hash=sha256:1be4cccdb0f2482337c4743e60421de3a356cd97508abadd57d47403e94f5505
packaging==26.2 --hash=sha256:5fc45236b9446107ff2415ce77c807cee2862cb6fac22b8a73826d0693b0980e
pathspec==1.1.1 --hash=sha256:a00ce642f577bf7f473932318056212bc4f8bfdf53128c78bbd5af0b9b20b189
platformdirs==4.10.1 --hash=sha256:0e4eff26be2d75293977f7cddc153fd9b8eaa7fb0c7b64ffe4076cb443117443
pluggy==1.6.0 --hash=sha256:e920276dd6813095e9377c0bc5566d94c932c33b27a3e3945d8389c374dd4746
pygments==2.20.0 --hash=sha256:81a9e26dd42fd28a23a2d169d86d7ac03b46e2f8b59ed4698fb4785f946d0176
pyinstaller==6.14.2 --hash=sha256:78827a21ada2a848e98671852d20d74b2955b6e2aaf2359ed13a462e1a603d84
pyinstaller-hooks-contrib==2026.6 --hash=sha256:fd13b8ac126b35361175edacd41a0d97080b75dd5f4b594ecefefff969509dd3
pytest==8.4.1 --hash=sha256:539c70ba6fcead8e78eebbf1115e8b589e7565830d7d006a8723f19ac8a0afb7
ruff==0.12.3 --hash=sha256:023040a3499f6f974ae9091bcdd0385dd9e9eb4942f231c23c57708147b06311
setuptools==83.0.0 --hash=sha256:29b23c360f22f414dc7336bb39178cc7bcbf6021ed2733cde173f09dba19abb3
